// !$*UTF8*$!
{
	archiveVersion = 1;
	classes = {
	};
	objectVersion = 46;
	objects = {

/* Begin PBXBuildFile section */
		852B2D0019EA4C8A005B9623 /* Utils.swift in Sources */ = {isa = PBXBuildFile; fileRef = 852B2CFF19EA4C8A005B9623 /* Utils.swift */; };
		85844FB219EA015F00291C9C /* TestPlanetPort.swift in Sources */ = {isa = PBXBuildFile; fileRef = 85844FB119EA015F00291C9C /* TestPlanetPort.swift */; };
		85844FB419EA0B1000291C9C /* TestPlayer.swift in Sources */ = {isa = PBXBuildFile; fileRef = 85844FB319EA0B1000291C9C /* TestPlayer.swift */; };
		859DB42A19EB03AD00B10E56 /* CommandFactory.swift in Sources */ = {isa = PBXBuildFile; fileRef = 859DB42919EB03AD00B10E56 /* CommandFactory.swift */; };
		859DB42C19EB10B300B10E56 /* FleetFactory.swift in Sources */ = {isa = PBXBuildFile; fileRef = 859DB42B19EB10B300B10E56 /* FleetFactory.swift */; };
		859F661A19EA693D005B5E2D /* TestUtils.swift in Sources */ = {isa = PBXBuildFile; fileRef = 859F661919EA693D005B5E2D /* TestUtils.swift */; };
		859F661B19EA6EF8005B5E2D /* Utils.swift in Sources */ = {isa = PBXBuildFile; fileRef = 852B2CFF19EA4C8A005B9623 /* Utils.swift */; };
		85A117C119E4B27E0045A39D /* main.swift in Sources */ = {isa = PBXBuildFile; fileRef = 85A117C019E4B27E0045A39D /* main.swift */; };
		85A117CB19E4B2E00045A39D /* PortFactory.swift in Sources */ = {isa = PBXBuildFile; fileRef = 85A117C719E4B2E00045A39D /* PortFactory.swift */; };
		85A117CC19E4B2E00045A39D /* Port.swift in Sources */ = {isa = PBXBuildFile; fileRef = 85A117C819E4B2E00045A39D /* Port.swift */; };
		85A117CD19E4B2E00045A39D /* Dice.swift in Sources */ = {isa = PBXBuildFile; fileRef = 85A117C919E4B2E00045A39D /* Dice.swift */; };
		85A117CE19E4B2E00045A39D /* Planet.swift in Sources */ = {isa = PBXBuildFile; fileRef = 85A117CA19E4B2E00045A39D /* Planet.swift */; };
		85DD0C9319ECD054009F8146 /* commands.txt in Resources */ = {isa = PBXBuildFile; fileRef = 85DD0C9219ECD054009F8146 /* commands.txt */; };
		85DD0C9619ECD1A7009F8146 /* TestsComandFactory.swift in Sources */ = {isa = PBXBuildFile; fileRef = 85DD0C9519ECD1A7009F8146 /* TestsComandFactory.swift */; };
		85DE741D19E8CF3100952C10 /* Fleet.swift in Sources */ = {isa = PBXBuildFile; fileRef = 85DE741C19E8CF3100952C10 /* Fleet.swift */; };
		85DE741F19E8D04400952C10 /* Player.swift in Sources */ = {isa = PBXBuildFile; fileRef = 85DE741E19E8D04400952C10 /* Player.swift */; };
		85DE742119E8D15200952C10 /* Character.swift in Sources */ = {isa = PBXBuildFile; fileRef = 85DE742019E8D15200952C10 /* Character.swift */; };
		85DE742519E8D81000952C10 /* FleetMovement.swift in Sources */ = {isa = PBXBuildFile; fileRef = 85DE742419E8D81000952C10 /* FleetMovement.swift */; };
		85DE743319E8E35700952C10 /* TestsFleetMovement.swift in Sources */ = {isa = PBXBuildFile; fileRef = 85DE743219E8E35700952C10 /* TestsFleetMovement.swift */; };
		85DE743719E8E42C00952C10 /* TestFleet.swift in Sources */ = {isa = PBXBuildFile; fileRef = 85DE742919E8E25200952C10 /* TestFleet.swift */; };
		85DE743819E8E4C900952C10 /* Fleet.swift in Sources */ = {isa = PBXBuildFile; fileRef = 85DE741C19E8CF3100952C10 /* Fleet.swift */; };
		85DE743919E8E51A00952C10 /* Player.swift in Sources */ = {isa = PBXBuildFile; fileRef = 85DE741E19E8D04400952C10 /* Player.swift */; };
		85DE743A19E8EB3C00952C10 /* Planet.swift in Sources */ = {isa = PBXBuildFile; fileRef = 85A117CA19E4B2E00045A39D /* Planet.swift */; };
		85DE743B19E8EB6800952C10 /* Port.swift in Sources */ = {isa = PBXBuildFile; fileRef = 85A117C819E4B2E00045A39D /* Port.swift */; };
		85DE743C19E8EB6D00952C10 /* Dice.swift in Sources */ = {isa = PBXBuildFile; fileRef = 85A117C919E4B2E00045A39D /* Dice.swift */; };
		85DE743D19E8EB7400952C10 /* FleetMovement.swift in Sources */ = {isa = PBXBuildFile; fileRef = 85DE742419E8D81000952C10 /* FleetMovement.swift */; };
		85EF07ED19EAEFBC00705298 /* Command.swift in Sources */ = {isa = PBXBuildFile; fileRef = 85EF07EC19EAEFBC00705298 /* Command.swift */; };
/* End PBXBuildFile section */

/* Begin PBXCopyFilesBuildPhase section */
		85A117BB19E4B27E0045A39D /* CopyFiles */ = {
			isa = PBXCopyFilesBuildPhase;
			buildActionMask = 2147483647;
			dstPath = /usr/share/man/man1/;
			dstSubfolderSpec = 0;
			files = (
			);
			runOnlyForDeploymentPostprocessing = 1;
		};
/* End PBXCopyFilesBuildPhase section */

/* Begin PBXFileReference section */
		852B2CFF19EA4C8A005B9623 /* Utils.swift */ = {isa = PBXFileReference; fileEncoding = 4; lastKnownFileType = sourcecode.swift; path = Utils.swift; sourceTree = "<group>"; };
		85844FB119EA015F00291C9C /* TestPlanetPort.swift */ = {isa = PBXFileReference; fileEncoding = 4; lastKnownFileType = sourcecode.swift; path = TestPlanetPort.swift; sourceTree = "<group>"; };
		85844FB319EA0B1000291C9C /* TestPlayer.swift */ = {isa = PBXFileReference; fileEncoding = 4; lastKnownFileType = sourcecode.swift; path = TestPlayer.swift; sourceTree = "<group>"; };
		859DB42919EB03AD00B10E56 /* CommandFactory.swift */ = {isa = PBXFileReference; fileEncoding = 4; lastKnownFileType = sourcecode.swift; path = CommandFactory.swift; sourceTree = "<group>"; };
		859DB42B19EB10B300B10E56 /* FleetFactory.swift */ = {isa = PBXFileReference; fileEncoding = 4; lastKnownFileType = sourcecode.swift; path = FleetFactory.swift; sourceTree = "<group>"; };
		859F661919EA693D005B5E2D /* TestUtils.swift */ = {isa = PBXFileReference; fileEncoding = 4; lastKnownFileType = sourcecode.swift; path = TestUtils.swift; sourceTree = "<group>"; };
		85A117BD19E4B27E0045A39D /* PlanetGenerator */ = {isa = PBXFileReference; explicitFileType = "compiled.mach-o.executable"; includeInIndex = 0; path = PlanetGenerator; sourceTree = BUILT_PRODUCTS_DIR; };
		85A117C019E4B27E0045A39D /* main.swift */ = {isa = PBXFileReference; lastKnownFileType = sourcecode.swift; path = main.swift; sourceTree = "<group>"; };
		85A117C719E4B2E00045A39D /* PortFactory.swift */ = {isa = PBXFileReference; fileEncoding = 4; lastKnownFileType = sourcecode.swift; path = PortFactory.swift; sourceTree = "<group>"; };
		85A117C819E4B2E00045A39D /* Port.swift */ = {isa = PBXFileReference; fileEncoding = 4; lastKnownFileType = sourcecode.swift; path = Port.swift; sourceTree = "<group>"; };
		85A117C919E4B2E00045A39D /* Dice.swift */ = {isa = PBXFileReference; fileEncoding = 4; lastKnownFileType = sourcecode.swift; path = Dice.swift; sourceTree = "<group>"; };
		85A117CA19E4B2E00045A39D /* Planet.swift */ = {isa = PBXFileReference; fileEncoding = 4; lastKnownFileType = sourcecode.swift; path = Planet.swift; sourceTree = "<group>"; };
		85DD0C9219ECD054009F8146 /* commands.txt */ = {isa = PBXFileReference; fileEncoding = 4; lastKnownFileType = text; path = commands.txt; sourceTree = "<group>"; };
		85DD0C9519ECD1A7009F8146 /* TestsComandFactory.swift */ = {isa = PBXFileReference; fileEncoding = 4; lastKnownFileType = sourcecode.swift; path = TestsComandFactory.swift; sourceTree = "<group>"; };
		85DE741C19E8CF3100952C10 /* Fleet.swift */ = {isa = PBXFileReference; fileEncoding = 4; lastKnownFileType = sourcecode.swift; path = Fleet.swift; sourceTree = "<group>"; };
		85DE741E19E8D04400952C10 /* Player.swift */ = {isa = PBXFileReference; fileEncoding = 4; lastKnownFileType = sourcecode.swift; path = Player.swift; sourceTree = "<group>"; };
		85DE742019E8D15200952C10 /* Character.swift */ = {isa = PBXFileReference; fileEncoding = 4; lastKnownFileType = sourcecode.swift; path = Character.swift; sourceTree = "<group>"; };
		85DE742319E8D34100952C10 /* Docu.txt */ = {isa = PBXFileReference; fileEncoding = 4; lastKnownFileType = text; path = Docu.txt; sourceTree = "<group>"; };
		85DE742419E8D81000952C10 /* FleetMovement.swift */ = {isa = PBXFileReference; fileEncoding = 4; lastKnownFileType = sourcecode.swift; path = FleetMovement.swift; sourceTree = "<group>"; };
		85DE742719E8E08600952C10 /* MyPlayground.playground */ = {isa = PBXFileReference; lastKnownFileType = file.playground; path = MyPlayground.playground; sourceTree = "<group>"; };
		85DE742919E8E25200952C10 /* TestFleet.swift */ = {isa = PBXFileReference; lastKnownFileType = sourcecode.swift; path = TestFleet.swift; sourceTree = "<group>"; };
		85DE742E19E8E35700952C10 /* Tests.xctest */ = {isa = PBXFileReference; explicitFileType = wrapper.cfbundle; includeInIndex = 0; path = Tests.xctest; sourceTree = BUILT_PRODUCTS_DIR; };
		85DE743119E8E35700952C10 /* Info.plist */ = {isa = PBXFileReference; lastKnownFileType = text.plist.xml; path = Info.plist; sourceTree = "<group>"; };
		85DE743219E8E35700952C10 /* TestsFleetMovement.swift */ = {isa = PBXFileReference; lastKnownFileType = sourcecode.swift; path = TestsFleetMovement.swift; sourceTree = "<group>"; };
		85EF07EC19EAEFBC00705298 /* Command.swift */ = {isa = PBXFileReference; fileEncoding = 4; lastKnownFileType = sourcecode.swift; path = Command.swift; sourceTree = "<group>"; };
/* End PBXFileReference section */

/* Begin PBXFrameworksBuildPhase section */
		85A117BA19E4B27E0045A39D /* Frameworks */ = {
			isa = PBXFrameworksBuildPhase;
			buildActionMask = 2147483647;
			files = (
			);
			runOnlyForDeploymentPostprocessing = 0;
		};
		85DE742B19E8E35700952C10 /* Frameworks */ = {
			isa = PBXFrameworksBuildPhase;
			buildActionMask = 2147483647;
			files = (
			);
			runOnlyForDeploymentPostprocessing = 0;
		};
/* End PBXFrameworksBuildPhase section */

/* Begin PBXGroup section */
		85A117B419E4B27E0045A39D = {
			isa = PBXGroup;
			children = (
				85DE742219E8D2E100952C10 /* Docu */,
				85A117BF19E4B27E0045A39D /* PlanetGenerator */,
				85DE742F19E8E35700952C10 /* Tests */,
				85A117BE19E4B27E0045A39D /* Products */,
			);
			sourceTree = "<group>";
		};
		85A117BE19E4B27E0045A39D /* Products */ = {
			isa = PBXGroup;
			children = (
				85A117BD19E4B27E0045A39D /* PlanetGenerator */,
				85DE742E19E8E35700952C10 /* Tests.xctest */,
			);
			name = Products;
			sourceTree = "<group>";
		};
		85A117BF19E4B27E0045A39D /* PlanetGenerator */ = {
			isa = PBXGroup;
			children = (
				85A117C719E4B2E00045A39D /* PortFactory.swift */,
				85A117C819E4B2E00045A39D /* Port.swift */,
				85A117C919E4B2E00045A39D /* Dice.swift */,
				85A117CA19E4B2E00045A39D /* Planet.swift */,
				85DE742419E8D81000952C10 /* FleetMovement.swift */,
				85A117C019E4B27E0045A39D /* main.swift */,
				85DE741C19E8CF3100952C10 /* Fleet.swift */,
				85DE741E19E8D04400952C10 /* Player.swift */,
				85DE742019E8D15200952C10 /* Character.swift */,
				85DE742719E8E08600952C10 /* MyPlayground.playground */,
				852B2CFF19EA4C8A005B9623 /* Utils.swift */,
				85EF07EC19EAEFBC00705298 /* Command.swift */,
				859DB42919EB03AD00B10E56 /* CommandFactory.swift */,
				859DB42B19EB10B300B10E56 /* FleetFactory.swift */,
			);
			path = PlanetGenerator;
			sourceTree = "<group>";
		};
		85DD0C9419ECD090009F8146 /* Resources */ = {
			isa = PBXGroup;
			children = (
				85DD0C9219ECD054009F8146 /* commands.txt */,
			);
			name = Resources;
			sourceTree = "<group>";
		};
		85DE742219E8D2E100952C10 /* Docu */ = {
			isa = PBXGroup;
			children = (
				85DE742319E8D34100952C10 /* Docu.txt */,
			);
			name = Docu;
			sourceTree = "<group>";
		};
		85DE742F19E8E35700952C10 /* Tests */ = {
			isa = PBXGroup;
			children = (
				85DD0C9419ECD090009F8146 /* Resources */,
				85DE742919E8E25200952C10 /* TestFleet.swift */,
				85DD0C9519ECD1A7009F8146 /* TestsComandFactory.swift */,
				85DE743219E8E35700952C10 /* TestsFleetMovement.swift */,
				85844FB119EA015F00291C9C /* TestPlanetPort.swift */,
				85844FB319EA0B1000291C9C /* TestPlayer.swift */,
				859F661919EA693D005B5E2D /* TestUtils.swift */,
				85DE743019E8E35700952C10 /* Supporting Files */,
			);
			path = Tests;
			sourceTree = "<group>";
		};
		85DE743019E8E35700952C10 /* Supporting Files */ = {
			isa = PBXGroup;
			children = (
				85DE743119E8E35700952C10 /* Info.plist */,
			);
			name = "Supporting Files";
			sourceTree = "<group>";
		};
/* End PBXGroup section */

/* Begin PBXNativeTarget section */
		85A117BC19E4B27E0045A39D /* PlanetGenerator */ = {
			isa = PBXNativeTarget;
			buildConfigurationList = 85A117C419E4B27E0045A39D /* Build configuration list for PBXNativeTarget "PlanetGenerator" */;
			buildPhases = (
				85A117B919E4B27E0045A39D /* Sources */,
				85A117BA19E4B27E0045A39D /* Frameworks */,
				85A117BB19E4B27E0045A39D /* CopyFiles */,
			);
			buildRules = (
			);
			dependencies = (
			);
			name = PlanetGenerator;
			productName = PlanetGenerator;
			productReference = 85A117BD19E4B27E0045A39D /* PlanetGenerator */;
			productType = "com.apple.product-type.tool";
		};
		85DE742D19E8E35700952C10 /* Tests */ = {
			isa = PBXNativeTarget;
			buildConfigurationList = 85DE743419E8E35700952C10 /* Build configuration list for PBXNativeTarget "Tests" */;
			buildPhases = (
				85DE742A19E8E35700952C10 /* Sources */,
				85DE742B19E8E35700952C10 /* Frameworks */,
				85DE742C19E8E35700952C10 /* Resources */,
			);
			buildRules = (
			);
			dependencies = (
			);
			name = Tests;
			productName = Tests;
			productReference = 85DE742E19E8E35700952C10 /* Tests.xctest */;
			productType = "com.apple.product-type.bundle.unit-test";
		};
/* End PBXNativeTarget section */

/* Begin PBXProject section */
		85A117B519E4B27E0045A39D /* Project object */ = {
			isa = PBXProject;
			attributes = {
				LastUpgradeCheck = 0610;
				ORGANIZATIONNAME = "Bernd Niklas";
				TargetAttributes = {
					85A117BC19E4B27E0045A39D = {
						CreatedOnToolsVersion = 6.1;
					};
					85DE742D19E8E35700952C10 = {
						CreatedOnToolsVersion = 6.1;
					};
				};
			};
			buildConfigurationList = 85A117B819E4B27E0045A39D /* Build configuration list for PBXProject "PlanetGenerator" */;
			compatibilityVersion = "Xcode 3.2";
			developmentRegion = English;
			hasScannedForEncodings = 0;
			knownRegions = (
				en,
			);
			mainGroup = 85A117B419E4B27E0045A39D;
			productRefGroup = 85A117BE19E4B27E0045A39D /* Products */;
			projectDirPath = "";
			projectRoot = "";
			targets = (
				85A117BC19E4B27E0045A39D /* PlanetGenerator */,
				85DE742D19E8E35700952C10 /* Tests */,
			);
		};
/* End PBXProject section */

/* Begin PBXResourcesBuildPhase section */
		85DE742C19E8E35700952C10 /* Resources */ = {
			isa = PBXResourcesBuildPhase;
			buildActionMask = 2147483647;
			files = (
				85DD0C9319ECD054009F8146 /* commands.txt in Resources */,
			);
			runOnlyForDeploymentPostprocessing = 0;
		};
/* End PBXResourcesBuildPhase section */

/* Begin PBXSourcesBuildPhase section */
		85A117B919E4B27E0045A39D /* Sources */ = {
			isa = PBXSourcesBuildPhase;
			buildActionMask = 2147483647;
			files = (
				85A117CC19E4B2E00045A39D /* Port.swift in Sources */,
				85DE742519E8D81000952C10 /* FleetMovement.swift in Sources */,
				85A117C119E4B27E0045A39D /* main.swift in Sources */,
				85A117CD19E4B2E00045A39D /* Dice.swift in Sources */,
				85A117CB19E4B2E00045A39D /* PortFactory.swift in Sources */,
				852B2D0019EA4C8A005B9623 /* Utils.swift in Sources */,
				85DE741F19E8D04400952C10 /* Player.swift in Sources */,
				85DE741D19E8CF3100952C10 /* Fleet.swift in Sources */,
				85A117CE19E4B2E00045A39D /* Planet.swift in Sources */,
				85EF07ED19EAEFBC00705298 /* Command.swift in Sources */,
				859DB42C19EB10B300B10E56 /* FleetFactory.swift in Sources */,
				859DB42A19EB03AD00B10E56 /* CommandFactory.swift in Sources */,
				85DE742119E8D15200952C10 /* Character.swift in Sources */,
			);
			runOnlyForDeploymentPostprocessing = 0;
		};
		85DE742A19E8E35700952C10 /* Sources */ = {
			isa = PBXSourcesBuildPhase;
			buildActionMask = 2147483647;
			files = (
				85DE743D19E8EB7400952C10 /* FleetMovement.swift in Sources */,
				85DE743C19E8EB6D00952C10 /* Dice.swift in Sources */,
				859F661A19EA693D005B5E2D /* TestUtils.swift in Sources */,
				859F661B19EA6EF8005B5E2D /* Utils.swift in Sources */,
				85DE743B19E8EB6800952C10 /* Port.swift in Sources */,
				85DE743A19E8EB3C00952C10 /* Planet.swift in Sources */,
				85844FB419EA0B1000291C9C /* TestPlayer.swift in Sources */,
				85844FB219EA015F00291C9C /* TestPlanetPort.swift in Sources */,
				85DD0C9619ECD1A7009F8146 /* TestsComandFactory.swift in Sources */,
				85DE743919E8E51A00952C10 /* Player.swift in Sources */,
				85DE743819E8E4C900952C10 /* Fleet.swift in Sources */,
				85DE743719E8E42C00952C10 /* TestFleet.swift in Sources */,
				85DE743319E8E35700952C10 /* TestsFleetMovement.swift in Sources */,
			);
			runOnlyForDeploymentPostprocessing = 0;
		};
/* End PBXSourcesBuildPhase section */

/* Begin XCBuildConfiguration section */
		85A117C219E4B27E0045A39D /* Debug */ = {
			isa = XCBuildConfiguration;
			buildSettings = {
				ALWAYS_SEARCH_USER_PATHS = NO;
				CLANG_CXX_LANGUAGE_STANDARD = "gnu++0x";
				CLANG_CXX_LIBRARY = "libc++";
				CLANG_ENABLE_MODULES = YES;
				CLANG_ENABLE_OBJC_ARC = YES;
				CLANG_WARN_BOOL_CONVERSION = YES;
				CLANG_WARN_CONSTANT_CONVERSION = YES;
				CLANG_WARN_DIRECT_OBJC_ISA_USAGE = YES_ERROR;
				CLANG_WARN_EMPTY_BODY = YES;
				CLANG_WARN_ENUM_CONVERSION = YES;
				CLANG_WARN_INT_CONVERSION = YES;
				CLANG_WARN_OBJC_ROOT_CLASS = YES_ERROR;
				CLANG_WARN_UNREACHABLE_CODE = YES;
				CLANG_WARN__DUPLICATE_METHOD_MATCH = YES;
				COPY_PHASE_STRIP = NO;
				ENABLE_STRICT_OBJC_MSGSEND = YES;
				GCC_C_LANGUAGE_STANDARD = gnu99;
				GCC_DYNAMIC_NO_PIC = NO;
				GCC_OPTIMIZATION_LEVEL = 0;
				GCC_PREPROCESSOR_DEFINITIONS = (
					"DEBUG=1",
					"$(inherited)",
				);
				GCC_SYMBOLS_PRIVATE_EXTERN = NO;
				GCC_WARN_64_TO_32_BIT_CONVERSION = YES;
				GCC_WARN_ABOUT_RETURN_TYPE = YES_ERROR;
				GCC_WARN_UNDECLARED_SELECTOR = YES;
				GCC_WARN_UNINITIALIZED_AUTOS = YES_AGGRESSIVE;
				GCC_WARN_UNUSED_FUNCTION = YES;
				GCC_WARN_UNUSED_VARIABLE = YES;
				MACOSX_DEPLOYMENT_TARGET = 10.9;
				MTL_ENABLE_DEBUG_INFO = YES;
				ONLY_ACTIVE_ARCH = YES;
				SDKROOT = macosx;
				SWIFT_OPTIMIZATION_LEVEL = "-Onone";
			};
			name = Debug;
		};
		85A117C319E4B27E0045A39D /* Release */ = {
			isa = XCBuildConfiguration;
			buildSettings = {
				ALWAYS_SEARCH_USER_PATHS = NO;
				CLANG_CXX_LANGUAGE_STANDARD = "gnu++0x";
				CLANG_CXX_LIBRARY = "libc++";
				CLANG_ENABLE_MODULES = YES;
				CLANG_ENABLE_OBJC_ARC = YES;
				CLANG_WARN_BOOL_CONVERSION = YES;
				CLANG_WARN_CONSTANT_CONVERSION = YES;
				CLANG_WARN_DIRECT_OBJC_ISA_USAGE = YES_ERROR;
				CLANG_WARN_EMPTY_BODY = YES;
				CLANG_WARN_ENUM_CONVERSION = YES;
				CLANG_WARN_INT_CONVERSION = YES;
				CLANG_WARN_OBJC_ROOT_CLASS = YES_ERROR;
				CLANG_WARN_UNREACHABLE_CODE = YES;
				CLANG_WARN__DUPLICATE_METHOD_MATCH = YES;
				COPY_PHASE_STRIP = YES;
				DEBUG_INFORMATION_FORMAT = "dwarf-with-dsym";
				ENABLE_NS_ASSERTIONS = NO;
				ENABLE_STRICT_OBJC_MSGSEND = YES;
				GCC_C_LANGUAGE_STANDARD = gnu99;
				GCC_WARN_64_TO_32_BIT_CONVERSION = YES;
				GCC_WARN_ABOUT_RETURN_TYPE = YES_ERROR;
				GCC_WARN_UNDECLARED_SELECTOR = YES;
				GCC_WARN_UNINITIALIZED_AUTOS = YES_AGGRESSIVE;
				GCC_WARN_UNUSED_FUNCTION = YES;
				GCC_WARN_UNUSED_VARIABLE = YES;
				MACOSX_DEPLOYMENT_TARGET = 10.9;
				MTL_ENABLE_DEBUG_INFO = NO;
				SDKROOT = macosx;
			};
			name = Release;
		};
		85A117C519E4B27E0045A39D /* Debug */ = {
			isa = XCBuildConfiguration;
			buildSettings = {
				PRODUCT_NAME = "$(TARGET_NAME)";
			};
			name = Debug;
		};
		85A117C619E4B27E0045A39D /* Release */ = {
			isa = XCBuildConfiguration;
			buildSettings = {
				PRODUCT_NAME = "$(TARGET_NAME)";
			};
			name = Release;
		};
		85DE743519E8E35700952C10 /* Debug */ = {
			isa = XCBuildConfiguration;
			buildSettings = {
				COMBINE_HIDPI_IMAGES = YES;
				FRAMEWORK_SEARCH_PATHS = (
					"$(DEVELOPER_FRAMEWORKS_DIR)",
					"$(inherited)",
				);
				GCC_PREPROCESSOR_DEFINITIONS = (
					"DEBUG=1",
					"$(inherited)",
				);
				INFOPLIST_FILE = Tests/Info.plist;
				LD_RUNPATH_SEARCH_PATHS = "$(inherited) @executable_path/../Frameworks @loader_path/../Frameworks";
				PRODUCT_NAME = "$(TARGET_NAME)";
			};
			name = Debug;
		};
		85DE743619E8E35700952C10 /* Release */ = {
			isa = XCBuildConfiguration;
			buildSettings = {
				COMBINE_HIDPI_IMAGES = YES;
				FRAMEWORK_SEARCH_PATHS = (
					"$(DEVELOPER_FRAMEWORKS_DIR)",
					"$(inherited)",
				);
				INFOPLIST_FILE = Tests/Info.plist;
				LD_RUNPATH_SEARCH_PATHS = "$(inherited) @executable_path/../Frameworks @loader_path/../Frameworks";
				PRODUCT_NAME = "$(TARGET_NAME)";
			};
			name = Release;
		};
/* End XCBuildConfiguration section */

/* Begin XCConfigurationList section */
		85A117B819E4B27E0045A39D /* Build configuration list for PBXProject "PlanetGenerator" */ = {
			isa = XCConfigurationList;
			buildConfigurations = (
				85A117C219E4B27E0045A39D /* Debug */,
				85A117C319E4B27E0045A39D /* Release */,
			);
			defaultConfigurationIsVisible = 0;
			defaultConfigurationName = Release;
		};
		85A117C419E4B27E0045A39D /* Build configuration list for PBXNativeTarget "PlanetGenerator" */ = {
			isa = XCConfigurationList;
			buildConfigurations = (
				85A117C519E4B27E0045A39D /* Debug */,
				85A117C619E4B27E0045A39D /* Release */,
			);
			defaultConfigurationIsVisible = 0;
			defaultConfigurationName = Release;
		};
		85DE743419E8E35700952C10 /* Build configuration list for PBXNativeTarget "Tests" */ = {
			isa = XCConfigurationList;
			buildConfigurations = (
				85DE743519E8E35700952C10 /* Debug */,
				85DE743619E8E35700952C10 /* Release */,
			);
			defaultConfigurationIsVisible = 0;
			defaultConfigurationName = Release;
		};
/* End XCConfigurationList section */
	};
	rootObject = 85A117B519E4B27E0045A39D /* Project object */;
}
