// !$*UTF8*$!
{
	archiveVersion = 1;
	classes = {
	};
	objectVersion = 46;
	objects = {

/* Begin PBXBuildFile section */
		852B2D0019EA4C8A005B9623 /* Utils.swift in Sources */ = {isa = PBXBuildFile; fileRef = 852B2CFF19EA4C8A005B9623 /* Utils.swift */; };
		852D5A031A0BBF4F004E1962 /* DistanceLevel.swift in Sources */ = {isa = PBXBuildFile; fileRef = 85F1DEDB1A0A1B8700600AC1 /* DistanceLevel.swift */; };
		8550D0551A0100BD005927F7 /* PersistenceManager.swift in Sources */ = {isa = PBXBuildFile; fileRef = 85FDC83819EDF0E700ACA91B /* PersistenceManager.swift */; };
		8550D0561A0100D3005927F7 /* Planet.swift in Sources */ = {isa = PBXBuildFile; fileRef = 85A117CA19E4B2E00045A39D /* Planet.swift */; };
		8550D0571A0100D9005927F7 /* Fleet.swift in Sources */ = {isa = PBXBuildFile; fileRef = 85DE741C19E8CF3100952C10 /* Fleet.swift */; };
		8550D0581A0100E5005927F7 /* Player.swift in Sources */ = {isa = PBXBuildFile; fileRef = 85DE741E19E8D04400952C10 /* Player.swift */; };
		8550D0591A0100EC005927F7 /* Role.swift in Sources */ = {isa = PBXBuildFile; fileRef = 85DE742019E8D15200952C10 /* Role.swift */; };
		8550D05A1A0100F9005927F7 /* Port.swift in Sources */ = {isa = PBXBuildFile; fileRef = 85A117C819E4B2E00045A39D /* Port.swift */; };
		8550D05B1A010113005927F7 /* FleetMovement.swift in Sources */ = {isa = PBXBuildFile; fileRef = 85DE742419E8D81000952C10 /* FleetMovement.swift */; };
		8550D05C1A010127005927F7 /* Utils.swift in Sources */ = {isa = PBXBuildFile; fileRef = 852B2CFF19EA4C8A005B9623 /* Utils.swift */; };
		8550D05D1A0103A2005927F7 /* CommandFactory.swift in Sources */ = {isa = PBXBuildFile; fileRef = 859DB42919EB03AD00B10E56 /* CommandFactory.swift */; };
		8550D05E1A0103BE005927F7 /* Command.swift in Sources */ = {isa = PBXBuildFile; fileRef = 85EF07EC19EAEFBC00705298 /* Command.swift */; };
		8550D05F1A0103D0005927F7 /* Error.swift in Sources */ = {isa = PBXBuildFile; fileRef = 85C90B9419F6CDB100800CE8 /* Error.swift */; };
		856E652D1A0C2C99000BDDF0 /* DistanceLevel.swift in Sources */ = {isa = PBXBuildFile; fileRef = 85F1DEDB1A0A1B8700600AC1 /* DistanceLevel.swift */; };
		857E13E91A0837760073E721 /* ExecuteCommands.plist in CopyFiles */ = {isa = PBXBuildFile; fileRef = 85D18ED019FE7B17002E7EE2 /* ExecuteCommands.plist */; };
		859750AC19FB6BD10017A38F /* OutPutLists.plist in CopyFiles */ = {isa = PBXBuildFile; fileRef = 859750AB19FB69510017A38F /* OutPutLists.plist */; };
		859750AD19FB6EBB0017A38F /* Planet.swift in Sources */ = {isa = PBXBuildFile; fileRef = 85A117CA19E4B2E00045A39D /* Planet.swift */; };
		859750AE19FB6ED40017A38F /* PersistenceManager.swift in Sources */ = {isa = PBXBuildFile; fileRef = 85FDC83819EDF0E700ACA91B /* PersistenceManager.swift */; };
		859750AF19FB6EEA0017A38F /* Port.swift in Sources */ = {isa = PBXBuildFile; fileRef = 85A117C819E4B2E00045A39D /* Port.swift */; };
		859750B019FB6F050017A38F /* Fleet.swift in Sources */ = {isa = PBXBuildFile; fileRef = 85DE741C19E8CF3100952C10 /* Fleet.swift */; };
		859750B119FB6F170017A38F /* Player.swift in Sources */ = {isa = PBXBuildFile; fileRef = 85DE741E19E8D04400952C10 /* Player.swift */; };
		859750B219FB6F310017A38F /* Role.swift in Sources */ = {isa = PBXBuildFile; fileRef = 85DE742019E8D15200952C10 /* Role.swift */; };
		859750B319FB6F420017A38F /* FleetMovement.swift in Sources */ = {isa = PBXBuildFile; fileRef = 85DE742419E8D81000952C10 /* FleetMovement.swift */; };
		859750B419FB6F5B0017A38F /* Utils.swift in Sources */ = {isa = PBXBuildFile; fileRef = 852B2CFF19EA4C8A005B9623 /* Utils.swift */; };
		859DB42C19EB10B300B10E56 /* FleetFactory.swift in Sources */ = {isa = PBXBuildFile; fileRef = 859DB42B19EB10B300B10E56 /* FleetFactory.swift */; };
		85A117C119E4B27E0045A39D /* main.swift in Sources */ = {isa = PBXBuildFile; fileRef = 85A117C019E4B27E0045A39D /* main.swift */; };
		85A117CB19E4B2E00045A39D /* PortFactory.swift in Sources */ = {isa = PBXBuildFile; fileRef = 85A117C719E4B2E00045A39D /* PortFactory.swift */; };
		85A117CC19E4B2E00045A39D /* Port.swift in Sources */ = {isa = PBXBuildFile; fileRef = 85A117C819E4B2E00045A39D /* Port.swift */; };
		85A117CD19E4B2E00045A39D /* Dice.swift in Sources */ = {isa = PBXBuildFile; fileRef = 85A117C919E4B2E00045A39D /* Dice.swift */; };
		85A117CE19E4B2E00045A39D /* Planet.swift in Sources */ = {isa = PBXBuildFile; fileRef = 85A117CA19E4B2E00045A39D /* Planet.swift */; };
		85AD60F51A05A4BF0058DC90 /* FinalPhaseCoreGame.swift in Sources */ = {isa = PBXBuildFile; fileRef = 85AD60F41A05A4BF0058DC90 /* FinalPhaseCoreGame.swift */; };
		85C0D90A1A0BF1FD00F93093 /* FleetMovement.swift in Sources */ = {isa = PBXBuildFile; fileRef = 85DE742419E8D81000952C10 /* FleetMovement.swift */; };
		85C375481B135D98001F7635 /* OutputPlyerStatisticCoreGame.swift in Sources */ = {isa = PBXBuildFile; fileRef = 85C375471B135D98001F7635 /* OutputPlyerStatisticCoreGame.swift */; };
		85D18ECB19FE79EB002E7EE2 /* main.swift in Sources */ = {isa = PBXBuildFile; fileRef = 85D18ECA19FE79EB002E7EE2 /* main.swift */; };
		85DE741D19E8CF3100952C10 /* Fleet.swift in Sources */ = {isa = PBXBuildFile; fileRef = 85DE741C19E8CF3100952C10 /* Fleet.swift */; };
		85DE741F19E8D04400952C10 /* Player.swift in Sources */ = {isa = PBXBuildFile; fileRef = 85DE741E19E8D04400952C10 /* Player.swift */; };
		85DE742119E8D15200952C10 /* Role.swift in Sources */ = {isa = PBXBuildFile; fileRef = 85DE742019E8D15200952C10 /* Role.swift */; };
		85EC18041BCEF78F00E5BAF7 /* Port.swift in Sources */ = {isa = PBXBuildFile; fileRef = 85A117C819E4B2E00045A39D /* Port.swift */; };
		85EC18051BCEF78F00E5BAF7 /* PortFactory.swift in Sources */ = {isa = PBXBuildFile; fileRef = 85A117C719E4B2E00045A39D /* PortFactory.swift */; };
		85EC18061BCEF78F00E5BAF7 /* Planet.swift in Sources */ = {isa = PBXBuildFile; fileRef = 85A117CA19E4B2E00045A39D /* Planet.swift */; };
		85EC18071BCEF78F00E5BAF7 /* Fleet.swift in Sources */ = {isa = PBXBuildFile; fileRef = 85DE741C19E8CF3100952C10 /* Fleet.swift */; };
		85EC18081BCEF78F00E5BAF7 /* FleetMovement.swift in Sources */ = {isa = PBXBuildFile; fileRef = 85DE742419E8D81000952C10 /* FleetMovement.swift */; };
		85EC18091BCEF78F00E5BAF7 /* FleetFactory.swift in Sources */ = {isa = PBXBuildFile; fileRef = 859DB42B19EB10B300B10E56 /* FleetFactory.swift */; };
		85EC180A1BCEF78F00E5BAF7 /* Player.swift in Sources */ = {isa = PBXBuildFile; fileRef = 85DE741E19E8D04400952C10 /* Player.swift */; };
		85EC180B1BCEF78F00E5BAF7 /* PlayerFactory.swift in Sources */ = {isa = PBXBuildFile; fileRef = 85FA590619F99E6F009FA889 /* PlayerFactory.swift */; };
		85EC180C1BCEF78F00E5BAF7 /* Role.swift in Sources */ = {isa = PBXBuildFile; fileRef = 85DE742019E8D15200952C10 /* Role.swift */; };
		85EC180D1BCEF78F00E5BAF7 /* Command.swift in Sources */ = {isa = PBXBuildFile; fileRef = 85EF07EC19EAEFBC00705298 /* Command.swift */; };
		85EC180E1BCEF78F00E5BAF7 /* CommandFactory.swift in Sources */ = {isa = PBXBuildFile; fileRef = 859DB42919EB03AD00B10E56 /* CommandFactory.swift */; };
		85EC180F1BCEF78F00E5BAF7 /* PersistenceManager.swift in Sources */ = {isa = PBXBuildFile; fileRef = 85FDC83819EDF0E700ACA91B /* PersistenceManager.swift */; };
		85EC18101BCEF78F00E5BAF7 /* Error.swift in Sources */ = {isa = PBXBuildFile; fileRef = 85C90B9419F6CDB100800CE8 /* Error.swift */; };
		85EC18111BCEF78F00E5BAF7 /* Dice.swift in Sources */ = {isa = PBXBuildFile; fileRef = 85A117C919E4B2E00045A39D /* Dice.swift */; };
		85EC18121BCEF78F00E5BAF7 /* Utils.swift in Sources */ = {isa = PBXBuildFile; fileRef = 852B2CFF19EA4C8A005B9623 /* Utils.swift */; };
		85EC18131BCEF79B00E5BAF7 /* FinalPhaseCoreGame.swift in Sources */ = {isa = PBXBuildFile; fileRef = 85AD60F41A05A4BF0058DC90 /* FinalPhaseCoreGame.swift */; };
		85EC18141BCEF79B00E5BAF7 /* DistanceLevel.swift in Sources */ = {isa = PBXBuildFile; fileRef = 85F1DEDB1A0A1B8700600AC1 /* DistanceLevel.swift */; };
		85EC18151BCEF79B00E5BAF7 /* OutputPlyerStatisticCoreGame.swift in Sources */ = {isa = PBXBuildFile; fileRef = 85C375471B135D98001F7635 /* OutputPlyerStatisticCoreGame.swift */; };
		85EC18161BCEF7A700E5BAF7 /* TestFleet.swift in Sources */ = {isa = PBXBuildFile; fileRef = 85DE742919E8E25200952C10 /* TestFleet.swift */; };
		85EC18171BCEF7A700E5BAF7 /* TestsComandFactory.swift in Sources */ = {isa = PBXBuildFile; fileRef = 85DD0C9519ECD1A7009F8146 /* TestsComandFactory.swift */; };
		85EC18181BCEF7A700E5BAF7 /* TestsFleetMovement.swift in Sources */ = {isa = PBXBuildFile; fileRef = 85DE743219E8E35700952C10 /* TestsFleetMovement.swift */; };
		85EC18191BCEF7A700E5BAF7 /* TestPlanetPort.swift in Sources */ = {isa = PBXBuildFile; fileRef = 85844FB119EA015F00291C9C /* TestPlanetPort.swift */; };
		85EC181A1BCEF7A700E5BAF7 /* TestPlayer.swift in Sources */ = {isa = PBXBuildFile; fileRef = 85844FB319EA0B1000291C9C /* TestPlayer.swift */; };
		85EC181B1BCEF7A700E5BAF7 /* TestUtils.swift in Sources */ = {isa = PBXBuildFile; fileRef = 859F661919EA693D005B5E2D /* TestUtils.swift */; };
		85EC181C1BCEF7A700E5BAF7 /* TestPersistenceManager.swift in Sources */ = {isa = PBXBuildFile; fileRef = 85FDC83A19EDF83000ACA91B /* TestPersistenceManager.swift */; };
		85EC181D1BCEF7A700E5BAF7 /* TestDistanceLevel.swift in Sources */ = {isa = PBXBuildFile; fileRef = 85F1DEDE1A0AC86200600AC1 /* TestDistanceLevel.swift */; };
		85EC181E1BCEF7A700E5BAF7 /* TestOutputPlyerStatisticCoreGame.swift in Sources */ = {isa = PBXBuildFile; fileRef = 85F108F41B1378CF0035E3DC /* TestOutputPlyerStatisticCoreGame.swift */; };
		85EC18201BCEF7B400E5BAF7 /* planets.plist in Resources */ = {isa = PBXBuildFile; fileRef = 852EB71419EEF0AC000BE7DB /* planets.plist */; };
		85EC18211BCEF7B900E5BAF7 /* commands.txt in Resources */ = {isa = PBXBuildFile; fileRef = 85DD0C9219ECD054009F8146 /* commands.txt */; };
		85F2621019FAC78200BF51A4 /* main.swift in Sources */ = {isa = PBXBuildFile; fileRef = 85F2620F19FAC78200BF51A4 /* main.swift */; };
		85FA590519F99909009FA889 /* PlanetGenerator.plist in CopyFiles */ = {isa = PBXBuildFile; fileRef = 85FA590419F992FE009FA889 /* PlanetGenerator.plist */; };
		85FA590719F99E6F009FA889 /* PlayerFactory.swift in Sources */ = {isa = PBXBuildFile; fileRef = 85FA590619F99E6F009FA889 /* PlayerFactory.swift */; };
		85FDC83919EDF0E700ACA91B /* PersistenceManager.swift in Sources */ = {isa = PBXBuildFile; fileRef = 85FDC83819EDF0E700ACA91B /* PersistenceManager.swift */; };
/* End PBXBuildFile section */

/* Begin PBXCopyFilesBuildPhase section */
		85A117BB19E4B27E0045A39D /* CopyFiles */ = {
			isa = PBXCopyFilesBuildPhase;
			buildActionMask = 12;
			dstPath = "";
			dstSubfolderSpec = 16;
			files = (
				85FA590519F99909009FA889 /* PlanetGenerator.plist in CopyFiles */,
			);
			runOnlyForDeploymentPostprocessing = 0;
		};
		85D18EC619FE79EB002E7EE2 /* CopyFiles */ = {
			isa = PBXCopyFilesBuildPhase;
			buildActionMask = 12;
			dstPath = "";
			dstSubfolderSpec = 16;
			files = (
				857E13E91A0837760073E721 /* ExecuteCommands.plist in CopyFiles */,
			);
			runOnlyForDeploymentPostprocessing = 0;
		};
		85F2620B19FAC78200BF51A4 /* CopyFiles */ = {
			isa = PBXCopyFilesBuildPhase;
			buildActionMask = 12;
			dstPath = "";
			dstSubfolderSpec = 16;
			files = (
				859750AC19FB6BD10017A38F /* OutPutLists.plist in CopyFiles */,
			);
			runOnlyForDeploymentPostprocessing = 0;
		};
/* End PBXCopyFilesBuildPhase section */

/* Begin PBXFileReference section */
		852B2CFF19EA4C8A005B9623 /* Utils.swift */ = {isa = PBXFileReference; fileEncoding = 4; lastKnownFileType = sourcecode.swift; path = Utils.swift; sourceTree = "<group>"; };
		852EB71419EEF0AC000BE7DB /* planets.plist */ = {isa = PBXFileReference; fileEncoding = 4; lastKnownFileType = text.plist.xml; path = planets.plist; sourceTree = "<group>"; };
		85844FB119EA015F00291C9C /* TestPlanetPort.swift */ = {isa = PBXFileReference; fileEncoding = 4; lastKnownFileType = sourcecode.swift; path = TestPlanetPort.swift; sourceTree = "<group>"; };
		85844FB319EA0B1000291C9C /* TestPlayer.swift */ = {isa = PBXFileReference; fileEncoding = 4; lastKnownFileType = sourcecode.swift; path = TestPlayer.swift; sourceTree = "<group>"; };
		859750AB19FB69510017A38F /* OutPutLists.plist */ = {isa = PBXFileReference; fileEncoding = 4; lastKnownFileType = text.plist.xml; path = OutPutLists.plist; sourceTree = "<group>"; };
		859DB42919EB03AD00B10E56 /* CommandFactory.swift */ = {isa = PBXFileReference; fileEncoding = 4; lastKnownFileType = sourcecode.swift; path = CommandFactory.swift; sourceTree = "<group>"; };
		859DB42B19EB10B300B10E56 /* FleetFactory.swift */ = {isa = PBXFileReference; fileEncoding = 4; lastKnownFileType = sourcecode.swift; path = FleetFactory.swift; sourceTree = "<group>"; };
		859F661919EA693D005B5E2D /* TestUtils.swift */ = {isa = PBXFileReference; fileEncoding = 4; lastKnownFileType = sourcecode.swift; path = TestUtils.swift; sourceTree = "<group>"; };
		85A117BD19E4B27E0045A39D /* PlanetGenerator */ = {isa = PBXFileReference; explicitFileType = "compiled.mach-o.executable"; includeInIndex = 0; path = PlanetGenerator; sourceTree = BUILT_PRODUCTS_DIR; };
		85A117C019E4B27E0045A39D /* main.swift */ = {isa = PBXFileReference; lastKnownFileType = sourcecode.swift; path = main.swift; sourceTree = "<group>"; };
		85A117C719E4B2E00045A39D /* PortFactory.swift */ = {isa = PBXFileReference; fileEncoding = 4; lastKnownFileType = sourcecode.swift; path = PortFactory.swift; sourceTree = "<group>"; };
		85A117C819E4B2E00045A39D /* Port.swift */ = {isa = PBXFileReference; fileEncoding = 4; lastKnownFileType = sourcecode.swift; path = Port.swift; sourceTree = "<group>"; };
		85A117C919E4B2E00045A39D /* Dice.swift */ = {isa = PBXFileReference; fileEncoding = 4; lastKnownFileType = sourcecode.swift; path = Dice.swift; sourceTree = "<group>"; };
		85A117CA19E4B2E00045A39D /* Planet.swift */ = {isa = PBXFileReference; fileEncoding = 4; lastKnownFileType = sourcecode.swift; path = Planet.swift; sourceTree = "<group>"; };
		85AD60F41A05A4BF0058DC90 /* FinalPhaseCoreGame.swift */ = {isa = PBXFileReference; fileEncoding = 4; lastKnownFileType = sourcecode.swift; path = FinalPhaseCoreGame.swift; sourceTree = "<group>"; };
		85C375471B135D98001F7635 /* OutputPlyerStatisticCoreGame.swift */ = {isa = PBXFileReference; fileEncoding = 4; lastKnownFileType = sourcecode.swift; path = OutputPlyerStatisticCoreGame.swift; sourceTree = "<group>"; };
		85C90B9419F6CDB100800CE8 /* Error.swift */ = {isa = PBXFileReference; fileEncoding = 4; lastKnownFileType = sourcecode.swift; path = Error.swift; sourceTree = "<group>"; };
		85D18EC819FE79EB002E7EE2 /* ExecuteCommands */ = {isa = PBXFileReference; explicitFileType = "compiled.mach-o.executable"; includeInIndex = 0; path = ExecuteCommands; sourceTree = BUILT_PRODUCTS_DIR; };
		85D18ECA19FE79EB002E7EE2 /* main.swift */ = {isa = PBXFileReference; lastKnownFileType = sourcecode.swift; path = main.swift; sourceTree = "<group>"; };
		85D18ED019FE7B17002E7EE2 /* ExecuteCommands.plist */ = {isa = PBXFileReference; fileEncoding = 4; lastKnownFileType = text.plist.xml; path = ExecuteCommands.plist; sourceTree = "<group>"; };
		85DD0C9219ECD054009F8146 /* commands.txt */ = {isa = PBXFileReference; fileEncoding = 4; lastKnownFileType = text; path = commands.txt; sourceTree = "<group>"; };
		85DD0C9519ECD1A7009F8146 /* TestsComandFactory.swift */ = {isa = PBXFileReference; fileEncoding = 4; lastKnownFileType = sourcecode.swift; path = TestsComandFactory.swift; sourceTree = "<group>"; };
		85DE741C19E8CF3100952C10 /* Fleet.swift */ = {isa = PBXFileReference; fileEncoding = 4; lastKnownFileType = sourcecode.swift; path = Fleet.swift; sourceTree = "<group>"; };
		85DE741E19E8D04400952C10 /* Player.swift */ = {isa = PBXFileReference; fileEncoding = 4; lastKnownFileType = sourcecode.swift; path = Player.swift; sourceTree = "<group>"; };
		85DE742019E8D15200952C10 /* Role.swift */ = {isa = PBXFileReference; fileEncoding = 4; lastKnownFileType = sourcecode.swift; path = Role.swift; sourceTree = "<group>"; };
		85DE742319E8D34100952C10 /* Docu.txt */ = {isa = PBXFileReference; fileEncoding = 4; lastKnownFileType = text; path = Docu.txt; sourceTree = "<group>"; };
		85DE742419E8D81000952C10 /* FleetMovement.swift */ = {isa = PBXFileReference; fileEncoding = 4; lastKnownFileType = sourcecode.swift; path = FleetMovement.swift; sourceTree = "<group>"; };
		85DE742719E8E08600952C10 /* MyPlayground.playground */ = {isa = PBXFileReference; lastKnownFileType = file.playground; path = MyPlayground.playground; sourceTree = "<group>"; };
		85DE742919E8E25200952C10 /* TestFleet.swift */ = {isa = PBXFileReference; lastKnownFileType = sourcecode.swift; path = TestFleet.swift; sourceTree = "<group>"; };
		85DE743119E8E35700952C10 /* Info.plist */ = {isa = PBXFileReference; lastKnownFileType = text.plist.xml; path = Info.plist; sourceTree = "<group>"; };
		85DE743219E8E35700952C10 /* TestsFleetMovement.swift */ = {isa = PBXFileReference; lastKnownFileType = sourcecode.swift; path = TestsFleetMovement.swift; sourceTree = "<group>"; };
		85EC17FC1BCEF74E00E5BAF7 /* Tests.xctest */ = {isa = PBXFileReference; explicitFileType = wrapper.cfbundle; includeInIndex = 0; path = Tests.xctest; sourceTree = BUILT_PRODUCTS_DIR; };
		85EF07EC19EAEFBC00705298 /* Command.swift */ = {isa = PBXFileReference; fileEncoding = 4; lastKnownFileType = sourcecode.swift; path = Command.swift; sourceTree = "<group>"; };
		85F108F41B1378CF0035E3DC /* TestOutputPlyerStatisticCoreGame.swift */ = {isa = PBXFileReference; fileEncoding = 4; lastKnownFileType = sourcecode.swift; name = TestOutputPlyerStatisticCoreGame.swift; path = Tests/TestOutputPlyerStatisticCoreGame.swift; sourceTree = SOURCE_ROOT; };
		85F1DEDB1A0A1B8700600AC1 /* DistanceLevel.swift */ = {isa = PBXFileReference; fileEncoding = 4; lastKnownFileType = sourcecode.swift; name = DistanceLevel.swift; path = ../DistanceLevel.swift; sourceTree = "<group>"; };
		85F1DEDE1A0AC86200600AC1 /* TestDistanceLevel.swift */ = {isa = PBXFileReference; fileEncoding = 4; lastKnownFileType = sourcecode.swift; name = TestDistanceLevel.swift; path = ../TestDistanceLevel.swift; sourceTree = "<group>"; };
		85F2620D19FAC78200BF51A4 /* OutPutLists */ = {isa = PBXFileReference; explicitFileType = "compiled.mach-o.executable"; includeInIndex = 0; path = OutPutLists; sourceTree = BUILT_PRODUCTS_DIR; };
		85F2620F19FAC78200BF51A4 /* main.swift */ = {isa = PBXFileReference; lastKnownFileType = sourcecode.swift; path = main.swift; sourceTree = "<group>"; };
		85FA590419F992FE009FA889 /* PlanetGenerator.plist */ = {isa = PBXFileReference; fileEncoding = 4; lastKnownFileType = text.plist.xml; path = PlanetGenerator.plist; sourceTree = "<group>"; };
		85FA590619F99E6F009FA889 /* PlayerFactory.swift */ = {isa = PBXFileReference; fileEncoding = 4; lastKnownFileType = sourcecode.swift; path = PlayerFactory.swift; sourceTree = "<group>"; };
		85FDC83819EDF0E700ACA91B /* PersistenceManager.swift */ = {isa = PBXFileReference; fileEncoding = 4; lastKnownFileType = sourcecode.swift; path = PersistenceManager.swift; sourceTree = "<group>"; };
		85FDC83A19EDF83000ACA91B /* TestPersistenceManager.swift */ = {isa = PBXFileReference; fileEncoding = 4; lastKnownFileType = sourcecode.swift; path = TestPersistenceManager.swift; sourceTree = "<group>"; };
/* End PBXFileReference section */

/* Begin PBXFrameworksBuildPhase section */
		85A117BA19E4B27E0045A39D /* Frameworks */ = {
			isa = PBXFrameworksBuildPhase;
			buildActionMask = 2147483647;
			files = (
			);
			runOnlyForDeploymentPostprocessing = 0;
		};
		85D18EC519FE79EB002E7EE2 /* Frameworks */ = {
			isa = PBXFrameworksBuildPhase;
			buildActionMask = 2147483647;
			files = (
			);
			runOnlyForDeploymentPostprocessing = 0;
		};
		85EC17F91BCEF74E00E5BAF7 /* Frameworks */ = {
			isa = PBXFrameworksBuildPhase;
			buildActionMask = 2147483647;
			files = (
			);
			runOnlyForDeploymentPostprocessing = 0;
		};
		85F2620A19FAC78200BF51A4 /* Frameworks */ = {
			isa = PBXFrameworksBuildPhase;
			buildActionMask = 2147483647;
			files = (
			);
			runOnlyForDeploymentPostprocessing = 0;
		};
/* End PBXFrameworksBuildPhase section */

/* Begin PBXGroup section */
		859750AA19FB69080017A38F /* Resouces */ = {
			isa = PBXGroup;
			children = (
				859750AB19FB69510017A38F /* OutPutLists.plist */,
			);
			name = Resouces;
			sourceTree = "<group>";
		};
		85A117B419E4B27E0045A39D = {
			isa = PBXGroup;
			children = (
				85DE742219E8D2E100952C10 /* Docu */,
				85A117BF19E4B27E0045A39D /* PlanetGenerator */,
				85DE742F19E8E35700952C10 /* Tests */,
				85F2620E19FAC78200BF51A4 /* OutPutLists */,
				85D18EC919FE79EB002E7EE2 /* ExecuteCommands */,
				85A117BE19E4B27E0045A39D /* Products */,
			);
			sourceTree = "<group>";
		};
		85A117BE19E4B27E0045A39D /* Products */ = {
			isa = PBXGroup;
			children = (
				85A117BD19E4B27E0045A39D /* PlanetGenerator */,
				85F2620D19FAC78200BF51A4 /* OutPutLists */,
				85D18EC819FE79EB002E7EE2 /* ExecuteCommands */,
				85EC17FC1BCEF74E00E5BAF7 /* Tests.xctest */,
			);
			name = Products;
			sourceTree = "<group>";
		};
		85A117BF19E4B27E0045A39D /* PlanetGenerator */ = {
			isa = PBXGroup;
			children = (
				85FA590319F992BC009FA889 /* Resources */,
				85A117C819E4B2E00045A39D /* Port.swift */,
				85A117C719E4B2E00045A39D /* PortFactory.swift */,
				85A117CA19E4B2E00045A39D /* Planet.swift */,
				85DE741C19E8CF3100952C10 /* Fleet.swift */,
				85DE742419E8D81000952C10 /* FleetMovement.swift */,
				859DB42B19EB10B300B10E56 /* FleetFactory.swift */,
				85DE741E19E8D04400952C10 /* Player.swift */,
				85FA590619F99E6F009FA889 /* PlayerFactory.swift */,
				85DE742019E8D15200952C10 /* Role.swift */,
				85EF07EC19EAEFBC00705298 /* Command.swift */,
				859DB42919EB03AD00B10E56 /* CommandFactory.swift */,
				85FDC83819EDF0E700ACA91B /* PersistenceManager.swift */,
				85C90B9419F6CDB100800CE8 /* Error.swift */,
				85A117C919E4B2E00045A39D /* Dice.swift */,
				852B2CFF19EA4C8A005B9623 /* Utils.swift */,
				85DE742719E8E08600952C10 /* MyPlayground.playground */,
				85AD60F41A05A4BF0058DC90 /* FinalPhaseCoreGame.swift */,
				85F1DEDB1A0A1B8700600AC1 /* DistanceLevel.swift */,
				85A117C019E4B27E0045A39D /* main.swift */,
				85C375471B135D98001F7635 /* OutputPlyerStatisticCoreGame.swift */,
			);
			path = PlanetGenerator;
			sourceTree = "<group>";
		};
		85D18EC919FE79EB002E7EE2 /* ExecuteCommands */ = {
			isa = PBXGroup;
			children = (
				85D18ECF19FE7AEE002E7EE2 /* Resources */,
				85D18ECA19FE79EB002E7EE2 /* main.swift */,
			);
			path = ExecuteCommands;
			sourceTree = "<group>";
		};
		85D18ECF19FE7AEE002E7EE2 /* Resources */ = {
			isa = PBXGroup;
			children = (
				85D18ED019FE7B17002E7EE2 /* ExecuteCommands.plist */,
			);
			name = Resources;
			sourceTree = "<group>";
		};
		85DD0C9419ECD090009F8146 /* Resources */ = {
			isa = PBXGroup;
			children = (
				852EB71419EEF0AC000BE7DB /* planets.plist */,
				85DD0C9219ECD054009F8146 /* commands.txt */,
			);
			name = Resources;
			sourceTree = "<group>";
		};
		85DE742219E8D2E100952C10 /* Docu */ = {
			isa = PBXGroup;
			children = (
				85DE742319E8D34100952C10 /* Docu.txt */,
			);
			name = Docu;
			sourceTree = "<group>";
		};
		85DE742F19E8E35700952C10 /* Tests */ = {
			isa = PBXGroup;
			children = (
				85DE742919E8E25200952C10 /* TestFleet.swift */,
				85DD0C9519ECD1A7009F8146 /* TestsComandFactory.swift */,
				85DE743219E8E35700952C10 /* TestsFleetMovement.swift */,
				85844FB119EA015F00291C9C /* TestPlanetPort.swift */,
				85844FB319EA0B1000291C9C /* TestPlayer.swift */,
				859F661919EA693D005B5E2D /* TestUtils.swift */,
				85FDC83A19EDF83000ACA91B /* TestPersistenceManager.swift */,
				85F1DEDE1A0AC86200600AC1 /* TestDistanceLevel.swift */,
				85F108F41B1378CF0035E3DC /* TestOutputPlyerStatisticCoreGame.swift */,
				85DE743019E8E35700952C10 /* Supporting Files */,
				85DD0C9419ECD090009F8146 /* Resources */,
			);
			path = Tests;
			sourceTree = "<group>";
		};
		85DE743019E8E35700952C10 /* Supporting Files */ = {
			isa = PBXGroup;
			children = (
				85DE743119E8E35700952C10 /* Info.plist */,
			);
			name = "Supporting Files";
			sourceTree = "<group>";
		};
		85F2620E19FAC78200BF51A4 /* OutPutLists */ = {
			isa = PBXGroup;
			children = (
				859750AA19FB69080017A38F /* Resouces */,
				85F2620F19FAC78200BF51A4 /* main.swift */,
			);
			path = OutPutLists;
			sourceTree = "<group>";
		};
		85FA590319F992BC009FA889 /* Resources */ = {
			isa = PBXGroup;
			children = (
				85FA590419F992FE009FA889 /* PlanetGenerator.plist */,
			);
			name = Resources;
			sourceTree = "<group>";
		};
/* End PBXGroup section */

/* Begin PBXNativeTarget section */
		85A117BC19E4B27E0045A39D /* PlanetGenerator */ = {
			isa = PBXNativeTarget;
			buildConfigurationList = 85A117C419E4B27E0045A39D /* Build configuration list for PBXNativeTarget "PlanetGenerator" */;
			buildPhases = (
				85A117B919E4B27E0045A39D /* Sources */,
				85A117BA19E4B27E0045A39D /* Frameworks */,
				85A117BB19E4B27E0045A39D /* CopyFiles */,
			);
			buildRules = (
			);
			dependencies = (
			);
			name = PlanetGenerator;
			productName = PlanetGenerator;
			productReference = 85A117BD19E4B27E0045A39D /* PlanetGenerator */;
			productType = "com.apple.product-type.tool";
		};
		85D18EC719FE79EB002E7EE2 /* ExecuteCommands */ = {
			isa = PBXNativeTarget;
			buildConfigurationList = 85D18ECE19FE79EB002E7EE2 /* Build configuration list for PBXNativeTarget "ExecuteCommands" */;
			buildPhases = (
				85D18EC419FE79EB002E7EE2 /* Sources */,
				85D18EC519FE79EB002E7EE2 /* Frameworks */,
				85D18EC619FE79EB002E7EE2 /* CopyFiles */,
			);
			buildRules = (
			);
			dependencies = (
			);
			name = ExecuteCommands;
			productName = ExecuteCommands;
			productReference = 85D18EC819FE79EB002E7EE2 /* ExecuteCommands */;
			productType = "com.apple.product-type.tool";
		};
		85EC17FB1BCEF74E00E5BAF7 /* Tests */ = {
			isa = PBXNativeTarget;
			buildConfigurationList = 85EC18011BCEF74E00E5BAF7 /* Build configuration list for PBXNativeTarget "Tests" */;
			buildPhases = (
				85EC17F81BCEF74E00E5BAF7 /* Sources */,
				85EC17F91BCEF74E00E5BAF7 /* Frameworks */,
				85EC17FA1BCEF74E00E5BAF7 /* Resources */,
			);
			buildRules = (
			);
			dependencies = (
			);
			name = Tests;
			productName = Tests;
			productReference = 85EC17FC1BCEF74E00E5BAF7 /* Tests.xctest */;
			productType = "com.apple.product-type.bundle.unit-test";
		};
		85F2620C19FAC78200BF51A4 /* OutPutLists */ = {
			isa = PBXNativeTarget;
			buildConfigurationList = 85F2621319FAC78200BF51A4 /* Build configuration list for PBXNativeTarget "OutPutLists" */;
			buildPhases = (
				85F2620919FAC78200BF51A4 /* Sources */,
				85F2620A19FAC78200BF51A4 /* Frameworks */,
				85F2620B19FAC78200BF51A4 /* CopyFiles */,
			);
			buildRules = (
			);
			dependencies = (
			);
			name = OutPutLists;
			productName = OutPutLists;
			productReference = 85F2620D19FAC78200BF51A4 /* OutPutLists */;
			productType = "com.apple.product-type.tool";
		};
/* End PBXNativeTarget section */

/* Begin PBXProject section */
		85A117B519E4B27E0045A39D /* Project object */ = {
			isa = PBXProject;
			attributes = {
				LastSwiftMigration = 0700;
				LastSwiftUpdateCheck = 0700;
				LastUpgradeCheck = 0700;
				ORGANIZATIONNAME = "Bernd Niklas";
				TargetAttributes = {
					85A117BC19E4B27E0045A39D = {
						CreatedOnToolsVersion = 6.1;
						LastSwiftMigration = 1130;
					};
					85D18EC719FE79EB002E7EE2 = {
						CreatedOnToolsVersion = 6.1;
						LastSwiftMigration = 1130;
					};
					85EC17FB1BCEF74E00E5BAF7 = {
						CreatedOnToolsVersion = 7.0.1;
						LastSwiftMigration = 1130;
					};
					85F2620C19FAC78200BF51A4 = {
						CreatedOnToolsVersion = 6.1;
						LastSwiftMigration = 1130;
					};
				};
			};
			buildConfigurationList = 85A117B819E4B27E0045A39D /* Build configuration list for PBXProject "PlanetGenerator" */;
			compatibilityVersion = "Xcode 3.2";
			developmentRegion = English;
			hasScannedForEncodings = 0;
			knownRegions = (
				English,
				en,
			);
			mainGroup = 85A117B419E4B27E0045A39D;
			productRefGroup = 85A117BE19E4B27E0045A39D /* Products */;
			projectDirPath = "";
			projectRoot = "";
			targets = (
				85A117BC19E4B27E0045A39D /* PlanetGenerator */,
				85F2620C19FAC78200BF51A4 /* OutPutLists */,
				85D18EC719FE79EB002E7EE2 /* ExecuteCommands */,
				85EC17FB1BCEF74E00E5BAF7 /* Tests */,
			);
		};
/* End PBXProject section */

/* Begin PBXResourcesBuildPhase section */
		85EC17FA1BCEF74E00E5BAF7 /* Resources */ = {
			isa = PBXResourcesBuildPhase;
			buildActionMask = 2147483647;
			files = (
				85EC18211BCEF7B900E5BAF7 /* commands.txt in Resources */,
				85EC18201BCEF7B400E5BAF7 /* planets.plist in Resources */,
			);
			runOnlyForDeploymentPostprocessing = 0;
		};
/* End PBXResourcesBuildPhase section */

/* Begin PBXSourcesBuildPhase section */
		85A117B919E4B27E0045A39D /* Sources */ = {
			isa = PBXSourcesBuildPhase;
			buildActionMask = 2147483647;
			files = (
				856E652D1A0C2C99000BDDF0 /* DistanceLevel.swift in Sources */,
				85C0D90A1A0BF1FD00F93093 /* FleetMovement.swift in Sources */,
				85A117CC19E4B2E00045A39D /* Port.swift in Sources */,
				85A117C119E4B27E0045A39D /* main.swift in Sources */,
				85FA590719F99E6F009FA889 /* PlayerFactory.swift in Sources */,
				85A117CD19E4B2E00045A39D /* Dice.swift in Sources */,
				85FDC83919EDF0E700ACA91B /* PersistenceManager.swift in Sources */,
				85A117CB19E4B2E00045A39D /* PortFactory.swift in Sources */,
				852B2D0019EA4C8A005B9623 /* Utils.swift in Sources */,
				85DE741F19E8D04400952C10 /* Player.swift in Sources */,
				85DE741D19E8CF3100952C10 /* Fleet.swift in Sources */,
				85A117CE19E4B2E00045A39D /* Planet.swift in Sources */,
				859DB42C19EB10B300B10E56 /* FleetFactory.swift in Sources */,
				85DE742119E8D15200952C10 /* Role.swift in Sources */,
			);
			runOnlyForDeploymentPostprocessing = 0;
		};
		85D18EC419FE79EB002E7EE2 /* Sources */ = {
			isa = PBXSourcesBuildPhase;
			buildActionMask = 2147483647;
			files = (
				852D5A031A0BBF4F004E1962 /* DistanceLevel.swift in Sources */,
				8550D05F1A0103D0005927F7 /* Error.swift in Sources */,
				85AD60F51A05A4BF0058DC90 /* FinalPhaseCoreGame.swift in Sources */,
				8550D05E1A0103BE005927F7 /* Command.swift in Sources */,
				8550D05D1A0103A2005927F7 /* CommandFactory.swift in Sources */,
				8550D05C1A010127005927F7 /* Utils.swift in Sources */,
				85C375481B135D98001F7635 /* OutputPlyerStatisticCoreGame.swift in Sources */,
				8550D05B1A010113005927F7 /* FleetMovement.swift in Sources */,
				8550D05A1A0100F9005927F7 /* Port.swift in Sources */,
				8550D0591A0100EC005927F7 /* Role.swift in Sources */,
				8550D0581A0100E5005927F7 /* Player.swift in Sources */,
				8550D0571A0100D9005927F7 /* Fleet.swift in Sources */,
				8550D0561A0100D3005927F7 /* Planet.swift in Sources */,
				8550D0551A0100BD005927F7 /* PersistenceManager.swift in Sources */,
				85D18ECB19FE79EB002E7EE2 /* main.swift in Sources */,
			);
			runOnlyForDeploymentPostprocessing = 0;
		};
		85EC17F81BCEF74E00E5BAF7 /* Sources */ = {
			isa = PBXSourcesBuildPhase;
			buildActionMask = 2147483647;
			files = (
				85EC18041BCEF78F00E5BAF7 /* Port.swift in Sources */,
				85EC18081BCEF78F00E5BAF7 /* FleetMovement.swift in Sources */,
				85EC18161BCEF7A700E5BAF7 /* TestFleet.swift in Sources */,
				85EC181B1BCEF7A700E5BAF7 /* TestUtils.swift in Sources */,
				85EC18051BCEF78F00E5BAF7 /* PortFactory.swift in Sources */,
				85EC18071BCEF78F00E5BAF7 /* Fleet.swift in Sources */,
				85EC18191BCEF7A700E5BAF7 /* TestPlanetPort.swift in Sources */,
				85EC18181BCEF7A700E5BAF7 /* TestsFleetMovement.swift in Sources */,
				85EC180A1BCEF78F00E5BAF7 /* Player.swift in Sources */,
				85EC181E1BCEF7A700E5BAF7 /* TestOutputPlyerStatisticCoreGame.swift in Sources */,
				85EC18141BCEF79B00E5BAF7 /* DistanceLevel.swift in Sources */,
				85EC180F1BCEF78F00E5BAF7 /* PersistenceManager.swift in Sources */,
				85EC18091BCEF78F00E5BAF7 /* FleetFactory.swift in Sources */,
				85EC18121BCEF78F00E5BAF7 /* Utils.swift in Sources */,
				85EC18151BCEF79B00E5BAF7 /* OutputPlyerStatisticCoreGame.swift in Sources */,
				85EC18111BCEF78F00E5BAF7 /* Dice.swift in Sources */,
				85EC180B1BCEF78F00E5BAF7 /* PlayerFactory.swift in Sources */,
				85EC181A1BCEF7A700E5BAF7 /* TestPlayer.swift in Sources */,
				85EC18061BCEF78F00E5BAF7 /* Planet.swift in Sources */,
				85EC18131BCEF79B00E5BAF7 /* FinalPhaseCoreGame.swift in Sources */,
				85EC180D1BCEF78F00E5BAF7 /* Command.swift in Sources */,
				85EC180E1BCEF78F00E5BAF7 /* CommandFactory.swift in Sources */,
				85EC18101BCEF78F00E5BAF7 /* Error.swift in Sources */,
				85EC18171BCEF7A700E5BAF7 /* TestsComandFactory.swift in Sources */,
				85EC180C1BCEF78F00E5BAF7 /* Role.swift in Sources */,
				85EC181C1BCEF7A700E5BAF7 /* TestPersistenceManager.swift in Sources */,
				85EC181D1BCEF7A700E5BAF7 /* TestDistanceLevel.swift in Sources */,
			);
			runOnlyForDeploymentPostprocessing = 0;
		};
		85F2620919FAC78200BF51A4 /* Sources */ = {
			isa = PBXSourcesBuildPhase;
			buildActionMask = 2147483647;
			files = (
				859750B419FB6F5B0017A38F /* Utils.swift in Sources */,
				859750B319FB6F420017A38F /* FleetMovement.swift in Sources */,
				859750B219FB6F310017A38F /* Role.swift in Sources */,
				859750B119FB6F170017A38F /* Player.swift in Sources */,
				859750B019FB6F050017A38F /* Fleet.swift in Sources */,
				859750AF19FB6EEA0017A38F /* Port.swift in Sources */,
				859750AE19FB6ED40017A38F /* PersistenceManager.swift in Sources */,
				859750AD19FB6EBB0017A38F /* Planet.swift in Sources */,
				85F2621019FAC78200BF51A4 /* main.swift in Sources */,
			);
			runOnlyForDeploymentPostprocessing = 0;
		};
/* End PBXSourcesBuildPhase section */

/* Begin XCBuildConfiguration section */
		85A117C219E4B27E0045A39D /* Debug */ = {
			isa = XCBuildConfiguration;
			buildSettings = {
				ALWAYS_SEARCH_USER_PATHS = NO;
				CLANG_CXX_LANGUAGE_STANDARD = "gnu++0x";
				CLANG_CXX_LIBRARY = "libc++";
				CLANG_ENABLE_MODULES = YES;
				CLANG_ENABLE_OBJC_ARC = YES;
				CLANG_WARN_BOOL_CONVERSION = YES;
				CLANG_WARN_CONSTANT_CONVERSION = YES;
				CLANG_WARN_DIRECT_OBJC_ISA_USAGE = YES_ERROR;
				CLANG_WARN_EMPTY_BODY = YES;
				CLANG_WARN_ENUM_CONVERSION = YES;
				CLANG_WARN_INT_CONVERSION = YES;
				CLANG_WARN_OBJC_ROOT_CLASS = YES_ERROR;
				CLANG_WARN_UNREACHABLE_CODE = YES;
				CLANG_WARN__DUPLICATE_METHOD_MATCH = YES;
				COPY_PHASE_STRIP = NO;
				ENABLE_STRICT_OBJC_MSGSEND = YES;
				ENABLE_TESTABILITY = YES;
				GCC_C_LANGUAGE_STANDARD = gnu99;
				GCC_DYNAMIC_NO_PIC = NO;
				GCC_OPTIMIZATION_LEVEL = 0;
				GCC_PREPROCESSOR_DEFINITIONS = (
					"DEBUG=1",
					"$(inherited)",
				);
				GCC_SYMBOLS_PRIVATE_EXTERN = NO;
				GCC_WARN_64_TO_32_BIT_CONVERSION = YES;
				GCC_WARN_ABOUT_RETURN_TYPE = YES_ERROR;
				GCC_WARN_UNDECLARED_SELECTOR = YES;
				GCC_WARN_UNINITIALIZED_AUTOS = YES_AGGRESSIVE;
				GCC_WARN_UNUSED_FUNCTION = YES;
				GCC_WARN_UNUSED_VARIABLE = YES;
				MACOSX_DEPLOYMENT_TARGET = 10.9;
				MTL_ENABLE_DEBUG_INFO = YES;
				ONLY_ACTIVE_ARCH = YES;
				SDKROOT = macosx;
				SWIFT_OPTIMIZATION_LEVEL = "-Onone";
			};
			name = Debug;
		};
		85A117C319E4B27E0045A39D /* Release */ = {
			isa = XCBuildConfiguration;
			buildSettings = {
				ALWAYS_SEARCH_USER_PATHS = NO;
				CLANG_CXX_LANGUAGE_STANDARD = "gnu++0x";
				CLANG_CXX_LIBRARY = "libc++";
				CLANG_ENABLE_MODULES = YES;
				CLANG_ENABLE_OBJC_ARC = YES;
				CLANG_WARN_BOOL_CONVERSION = YES;
				CLANG_WARN_CONSTANT_CONVERSION = YES;
				CLANG_WARN_DIRECT_OBJC_ISA_USAGE = YES_ERROR;
				CLANG_WARN_EMPTY_BODY = YES;
				CLANG_WARN_ENUM_CONVERSION = YES;
				CLANG_WARN_INT_CONVERSION = YES;
				CLANG_WARN_OBJC_ROOT_CLASS = YES_ERROR;
				CLANG_WARN_UNREACHABLE_CODE = YES;
				CLANG_WARN__DUPLICATE_METHOD_MATCH = YES;
				COPY_PHASE_STRIP = YES;
				DEBUG_INFORMATION_FORMAT = "dwarf-with-dsym";
				ENABLE_NS_ASSERTIONS = NO;
				ENABLE_STRICT_OBJC_MSGSEND = YES;
				GCC_C_LANGUAGE_STANDARD = gnu99;
				GCC_WARN_64_TO_32_BIT_CONVERSION = YES;
				GCC_WARN_ABOUT_RETURN_TYPE = YES_ERROR;
				GCC_WARN_UNDECLARED_SELECTOR = YES;
				GCC_WARN_UNINITIALIZED_AUTOS = YES_AGGRESSIVE;
				GCC_WARN_UNUSED_FUNCTION = YES;
				GCC_WARN_UNUSED_VARIABLE = YES;
				MACOSX_DEPLOYMENT_TARGET = 10.9;
				MTL_ENABLE_DEBUG_INFO = NO;
				SDKROOT = macosx;
			};
			name = Release;
		};
		85A117C519E4B27E0045A39D /* Debug */ = {
			isa = XCBuildConfiguration;
			buildSettings = {
				PRODUCT_NAME = "$(TARGET_NAME)";
				SDKROOT = macosx10.15;
				SWIFT_SWIFT3_OBJC_INFERENCE = On;
				SWIFT_VERSION = 5.0;
			};
			name = Debug;
		};
		85A117C619E4B27E0045A39D /* Release */ = {
			isa = XCBuildConfiguration;
			buildSettings = {
				PRODUCT_NAME = "$(TARGET_NAME)";
				SDKROOT = macosx10.15;
				SWIFT_SWIFT3_OBJC_INFERENCE = On;
				SWIFT_VERSION = 5.0;
			};
			name = Release;
		};
		85D18ECC19FE79EB002E7EE2 /* Debug */ = {
			isa = XCBuildConfiguration;
			buildSettings = {
				GCC_PREPROCESSOR_DEFINITIONS = (
					"DEBUG=1",
					"$(inherited)",
				);
				MACOSX_DEPLOYMENT_TARGET = 10.10;
				PRODUCT_NAME = "$(TARGET_NAME)";
				SDKROOT = macosx10.15;
				SWIFT_SWIFT3_OBJC_INFERENCE = On;
				SWIFT_VERSION = 5.0;
			};
			name = Debug;
		};
		85D18ECD19FE79EB002E7EE2 /* Release */ = {
			isa = XCBuildConfiguration;
			buildSettings = {
				MACOSX_DEPLOYMENT_TARGET = 10.10;
				PRODUCT_NAME = "$(TARGET_NAME)";
				SDKROOT = macosx10.15;
				SWIFT_SWIFT3_OBJC_INFERENCE = On;
				SWIFT_VERSION = 5.0;
			};
			name = Release;
		};
		85EC18021BCEF74E00E5BAF7 /* Debug */ = {
			isa = XCBuildConfiguration;
			buildSettings = {
				COMBINE_HIDPI_IMAGES = YES;
				DEBUG_INFORMATION_FORMAT = dwarf;
				GCC_NO_COMMON_BLOCKS = YES;
				INFOPLIST_FILE = Tests/Info.plist;
				LD_RUNPATH_SEARCH_PATHS = "$(inherited) @executable_path/../Frameworks @loader_path/../Frameworks";
				MACOSX_DEPLOYMENT_TARGET = 10.11;
				PRODUCT_BUNDLE_IDENTIFIER = de.berndniklas.Tests;
				PRODUCT_NAME = "$(TARGET_NAME)";
				SDKROOT = macosx10.15;
				SWIFT_SWIFT3_OBJC_INFERENCE = On;
				SWIFT_VERSION = 5.0;
			};
			name = Debug;
		};
		85EC18031BCEF74E00E5BAF7 /* Release */ = {
			isa = XCBuildConfiguration;
			buildSettings = {
				COMBINE_HIDPI_IMAGES = YES;
				COPY_PHASE_STRIP = NO;
				GCC_NO_COMMON_BLOCKS = YES;
				INFOPLIST_FILE = Tests/Info.plist;
				LD_RUNPATH_SEARCH_PATHS = "$(inherited) @executable_path/../Frameworks @loader_path/../Frameworks";
				MACOSX_DEPLOYMENT_TARGET = 10.11;
				PRODUCT_BUNDLE_IDENTIFIER = de.berndniklas.Tests;
				PRODUCT_NAME = "$(TARGET_NAME)";
				SDKROOT = macosx10.15;
				SWIFT_SWIFT3_OBJC_INFERENCE = On;
				SWIFT_VERSION = 5.0;
			};
			name = Release;
		};
		85F2621119FAC78200BF51A4 /* Debug */ = {
			isa = XCBuildConfiguration;
			buildSettings = {
				GCC_PREPROCESSOR_DEFINITIONS = (
					"DEBUG=1",
					"$(inherited)",
				);
				MACOSX_DEPLOYMENT_TARGET = 10.10;
				PRODUCT_NAME = "$(TARGET_NAME)";
				SDKROOT = macosx10.15;
				SWIFT_SWIFT3_OBJC_INFERENCE = On;
				SWIFT_VERSION = 5.0;
			};
			name = Debug;
		};
		85F2621219FAC78200BF51A4 /* Release */ = {
			isa = XCBuildConfiguration;
			buildSettings = {
				MACOSX_DEPLOYMENT_TARGET = 10.10;
				PRODUCT_NAME = "$(TARGET_NAME)";
				SDKROOT = macosx10.15;
				SWIFT_SWIFT3_OBJC_INFERENCE = On;
				SWIFT_VERSION = 5.0;
			};
			name = Release;
		};
/* End XCBuildConfiguration section */

/* Begin XCConfigurationList section */
		85A117B819E4B27E0045A39D /* Build configuration list for PBXProject "PlanetGenerator" */ = {
			isa = XCConfigurationList;
			buildConfigurations = (
				85A117C219E4B27E0045A39D /* Debug */,
				85A117C319E4B27E0045A39D /* Release */,
			);
			defaultConfigurationIsVisible = 0;
			defaultConfigurationName = Release;
		};
		85A117C419E4B27E0045A39D /* Build configuration list for PBXNativeTarget "PlanetGenerator" */ = {
			isa = XCConfigurationList;
			buildConfigurations = (
				85A117C519E4B27E0045A39D /* Debug */,
				85A117C619E4B27E0045A39D /* Release */,
			);
			defaultConfigurationIsVisible = 0;
			defaultConfigurationName = Release;
		};
		85D18ECE19FE79EB002E7EE2 /* Build configuration list for PBXNativeTarget "ExecuteCommands" */ = {
			isa = XCConfigurationList;
			buildConfigurations = (
				85D18ECC19FE79EB002E7EE2 /* Debug */,
				85D18ECD19FE79EB002E7EE2 /* Release */,
			);
			defaultConfigurationIsVisible = 0;
			defaultConfigurationName = Release;
		};
		85EC18011BCEF74E00E5BAF7 /* Build configuration list for PBXNativeTarget "Tests" */ = {
			isa = XCConfigurationList;
			buildConfigurations = (
				85EC18021BCEF74E00E5BAF7 /* Debug */,
				85EC18031BCEF74E00E5BAF7 /* Release */,
			);
			defaultConfigurationIsVisible = 0;
			defaultConfigurationName = Release;
		};
		85F2621319FAC78200BF51A4 /* Build configuration list for PBXNativeTarget "OutPutLists" */ = {
			isa = XCConfigurationList;
			buildConfigurations = (
				85F2621119FAC78200BF51A4 /* Debug */,
				85F2621219FAC78200BF51A4 /* Release */,
			);
			defaultConfigurationIsVisible = 0;
			defaultConfigurationName = Release;
		};
/* End XCConfigurationList section */
	};
	rootObject = 85A117B519E4B27E0045A39D /* Project object */;
}
